
Microsoft Visual Studio Solution File, Format Version 12.00
# Visual Studio Version 18
VisualStudioVersion = 18.0.11217.181 d18.0
MinimumVisualStudioVersion = 10.0.40219.1
Project("{FAE04EC0-301F-11D3-BF4B-00C04F79EFBC}") = "Demo01", "Demo01\Demo01.csproj", "{E2FB80CF-84A8-4E8F-AD3D-0BBBA17F8796}"
EndProject
Project("{FAE04EC0-301F-11D3-BF4B-00C04F79EFBC}") = "Demo00", "Demo00\Demo00.csproj", "{94F6396D-AF90-4CB8-B854-BA48CB4B2B2D}"
EndProject
Project("{2150E333-8FDC-42A3-9474-1A3956D46DE8}") = "Demonstrations", "Demonstrations", "{3EA0EF27-32C3-4667-9E40-B9CAF20F46BB}"
EndProject
Project("{2150E333-8FDC-42A3-9474-1A3956D46DE8}") = "Exercices", "Exercices", "{71414C26-68BC-4287-A44E-0DB2EE486CB3}"
EndProject
Project("{FAE04EC0-301F-11D3-BF4B-00C04F79EFBC}") = "Demo02", "Demo02\Demo02.csproj", "{C76B9797-FE10-4F1E-B5C7-BCD380C23D75}"
EndProject
Project("{2150E333-8FDC-42A3-9474-1A3956D46DE8}") = "Solution Items", "Solution Items", "{86322440-D8A4-4AF6-B5EA-DC52B2771AA0}"
	ProjectSection(SolutionItems) = preProject
		readme.md = readme.md
	EndProjectSection
EndProject
Project("{FAE04EC0-301F-11D3-BF4B-00C04F79EFBC}") = "Demo03", "Demo03\Demo03.csproj", "{48C5C582-FAC5-4009-AD31-BB14EA510140}"
EndProject
Project("{FAE04EC0-301F-11D3-BF4B-00C04F79EFBC}") = "Exo01", "Exo01\Exo01.csproj", "{8F2C6612-B1CF-47F1-9E07-EBE01384416A}"
EndProject
Global
	GlobalSection(SolutionConfigurationPlatforms) = preSolution
		Debug|Any CPU = Debug|Any CPU
		Release|Any CPU = Release|Any CPU
	EndGlobalSection
	GlobalSection(ProjectConfigurationPlatforms) = postSolution
		{E2FB80CF-84A8-4E8F-AD3D-0BBBA17F8796}.Debug|Any CPU.ActiveCfg = Debug|Any CPU
		{E2FB80CF-84A8-4E8F-AD3D-0BBBA17F8796}.Debug|Any CPU.Build.0 = Debug|Any CPU
		{E2FB80CF-84A8-4E8F-AD3D-0BBBA17F8796}.Release|Any CPU.ActiveCfg = Release|Any CPU
		{E2FB80CF-84A8-4E8F-AD3D-0BBBA17F8796}.Release|Any CPU.Build.0 = Release|Any CPU
		{94F6396D-AF90-4CB8-B854-BA48CB4B2B2D}.Debug|Any CPU.ActiveCfg = Debug|Any CPU
		{94F6396D-AF90-4CB8-B854-BA48CB4B2B2D}.Debug|Any CPU.Build.0 = Debug|Any CPU
		{94F6396D-AF90-4CB8-B854-BA48CB4B2B2D}.Release|Any CPU.ActiveCfg = Release|Any CPU
		{94F6396D-AF90-4CB8-B854-BA48CB4B2B2D}.Release|Any CPU.Build.0 = Release|Any CPU
		{C76B9797-FE10-4F1E-B5C7-BCD380C23D75}.Debug|Any CPU.ActiveCfg = Debug|Any CPU
		{C76B9797-FE10-4F1E-B5C7-BCD380C23D75}.Debug|Any CPU.Build.0 = Debug|Any CPU
		{C76B9797-FE10-4F1E-B5C7-BCD380C23D75}.Release|Any CPU.ActiveCfg = Release|Any CPU
		{C76B9797-FE10-4F1E-B5C7-BCD380C23D75}.Release|Any CPU.Build.0 = Release|Any CPU
		{48C5C582-FAC5-4009-AD31-BB14EA510140}.Debug|Any CPU.ActiveCfg = Debug|Any CPU
		{48C5C582-FAC5-4009-AD31-BB14EA510140}.Debug|Any CPU.Build.0 = Debug|Any CPU
		{48C5C582-FAC5-4009-AD31-BB14EA510140}.Release|Any CPU.ActiveCfg = Release|Any CPU
		{48C5C582-FAC5-4009-AD31-BB14EA510140}.Release|Any CPU.Build.0 = Release|Any CPU
		{8F2C6612-B1CF-47F1-9E07-EBE01384416A}.Debug|Any CPU.ActiveCfg = Debug|Any CPU
		{8F2C6612-B1CF-47F1-9E07-EBE01384416A}.Debug|Any CPU.Build.0 = Debug|Any CPU
		{8F2C6612-B1CF-47F1-9E07-EBE01384416A}.Release|Any CPU.ActiveCfg = Release|Any CPU
		{8F2C6612-B1CF-47F1-9E07-EBE01384416A}.Release|Any CPU.Build.0 = Release|Any CPU
	EndGlobalSection
	GlobalSection(SolutionProperties) = preSolution
		HideSolutionNode = FALSE
	EndGlobalSection
	GlobalSection(NestedProjects) = preSolution
		{E2FB80CF-84A8-4E8F-AD3D-0BBBA17F8796} = {3EA0EF27-32C3-4667-9E40-B9CAF20F46BB}
		{94F6396D-AF90-4CB8-B854-BA48CB4B2B2D} = {3EA0EF27-32C3-4667-9E40-B9CAF20F46BB}
		{C76B9797-FE10-4F1E-B5C7-BCD380C23D75} = {3EA0EF27-32C3-4667-9E40-B9CAF20F46BB}
		{48C5C582-FAC5-4009-AD31-BB14EA510140} = {3EA0EF27-32C3-4667-9E40-B9CAF20F46BB}
		{8F2C6612-B1CF-47F1-9E07-EBE01384416A} = {71414C26-68BC-4287-A44E-0DB2EE486CB3}
	EndGlobalSection
	GlobalSection(ExtensibilityGlobals) = postSolution
		SolutionGuid = {661F7A11-D3B6-490F-9665-6E7B73A1F857}
	EndGlobalSection
EndGlobal
