
Microsoft Visual Studio Solution File, Format Version 12.00
# Visual Studio Version 17
VisualStudioVersion = 17.14.36705.20
MinimumVisualStudioVersion = 10.0.40219.1
Project("{FAE04EC0-301F-11D3-BF4B-00C04F79EFBC}") = "Demo01", "Demo01\Demo01.csproj", "{E2FB80CF-84A8-4E8F-AD3D-0BBBA17F8796}"
EndProject
Project("{FAE04EC0-301F-11D3-BF4B-00C04F79EFBC}") = "Demo00", "Demo00\Demo00.csproj", "{94F6396D-AF90-4CB8-B854-BA48CB4B2B2D}"
EndProject
Project("{2150E333-8FDC-42A3-9474-1A3956D46DE8}") = "Demonstrations", "Demonstrations", "{3EA0EF27-32C3-4667-9E40-B9CAF20F46BB}"
EndProject
Project("{2150E333-8FDC-42A3-9474-1A3956D46DE8}") = "Exercices", "Exercices", "{71414C26-68BC-4287-A44E-0DB2EE486CB3}"
EndProject
Project("{FAE04EC0-301F-11D3-BF4B-00C04F79EFBC}") = "Demo02", "Demo02\Demo02.csproj", "{C76B9797-FE10-4F1E-B5C7-BCD380C23D75}"
EndProject
Project("{2150E333-8FDC-42A3-9474-1A3956D46DE8}") = "Solution Items", "Solution Items", "{86322440-D8A4-4AF6-B5EA-DC52B2771AA0}"
	ProjectSection(SolutionItems) = preProject
		readme.md = readme.md
	EndProjectSection
EndProject
Project("{FAE04EC0-301F-11D3-BF4B-00C04F79EFBC}") = "Demo03", "Demo03\Demo03.csproj", "{48C5C582-FAC5-4009-AD31-BB14EA510140}"
EndProject
Project("{FAE04EC0-301F-11D3-BF4B-00C04F79EFBC}") = "Exo01", "Exo01\Exo01.csproj", "{8F2C6612-B1CF-47F1-9E07-EBE01384416A}"
EndProject
Project("{FAE04EC0-301F-11D3-BF4B-00C04F79EFBC}") = "Demo04", "Demo04\Demo04.csproj", "{5B9589B9-FD17-4B30-9EDC-F27FC5C57544}"
EndProject
Project("{FAE04EC0-301F-11D3-BF4B-00C04F79EFBC}") = "Exo02", "Exo02\Exo02.csproj", "{050666FF-09DB-4478-90C8-88AE94689A59}"
EndProject
Project("{FAE04EC0-301F-11D3-BF4B-00C04F79EFBC}") = "Demo05", "Demo05\Demo05.csproj", "{1F0384D9-D7A8-4D69-A9A0-E19C54DDC30C}"
EndProject
Project("{FAE04EC0-301F-11D3-BF4B-00C04F79EFBC}") = "Exo03", "Exo03\Exo03.csproj", "{E273CB36-23F4-4BA3-A96C-EC4674D5F464}"
EndProject
Project("{FAE04EC0-301F-11D3-BF4B-00C04F79EFBC}") = "Demo06", "Demo06\Demo06.csproj", "{30D38F54-B613-47F6-9758-142A15F6D237}"
EndProject
Project("{FAE04EC0-301F-11D3-BF4B-00C04F79EFBC}") = "Exo04", "Exo04\Exo04.csproj", "{27497912-657A-486E-9B5A-8A417C123B2C}"
EndProject
Project("{FAE04EC0-301F-11D3-BF4B-00C04F79EFBC}") = "Exo05", "Exo05\Exo05.csproj", "{C89F78C4-CFB9-4A79-AC3C-9E540669517B}"
EndProject
Project("{FAE04EC0-301F-11D3-BF4B-00C04F79EFBC}") = "Demo07", "Demo07\Demo07.csproj", "{B97DAC1B-6D07-439C-8243-55187248A52C}"
EndProject
Project("{FAE04EC0-301F-11D3-BF4B-00C04F79EFBC}") = "Exo06", "Exo06\Exo06.csproj", "{21305E94-42EB-48E5-9C4D-3AED61EF09E2}"
EndProject
Project("{FAE04EC0-301F-11D3-BF4B-00C04F79EFBC}") = "Exo07", "Exo07\Exo07.csproj", "{A917E773-33FE-4F8F-BD93-D38ED2220630}"
EndProject
Project("{FAE04EC0-301F-11D3-BF4B-00C04F79EFBC}") = "Exo08", "Exo08\Exo08.csproj", "{192A1C8E-2BC0-41B8-A229-09E9C36477A3}"
EndProject
Project("{FAE04EC0-301F-11D3-BF4B-00C04F79EFBC}") = "Exo09", "Exo09\Exo09.csproj", "{902CE978-8052-492B-B196-31A55379FAA6}"
EndProject
Project("{FAE04EC0-301F-11D3-BF4B-00C04F79EFBC}") = "Exo10", "Exo10\Exo10.csproj", "{DA0D5C02-7695-437E-89F2-723932C6A348}"
EndProject
Project("{FAE04EC0-301F-11D3-BF4B-00C04F79EFBC}") = "Demo08", "Demo08\Demo08.csproj", "{83D7025E-6C85-4979-A5A1-675D05849135}"
EndProject
Project("{FAE04EC0-301F-11D3-BF4B-00C04F79EFBC}") = "Demo09", "Demo09\Demo09.csproj", "{68A67777-8A5A-45E3-8306-592DF237E55C}"
EndProject
Project("{FAE04EC0-301F-11D3-BF4B-00C04F79EFBC}") = "Demo10", "Demo10\Demo10.csproj", "{8E91EF94-6A21-49CB-91C6-83F44E53695A}"
EndProject
Project("{FAE04EC0-301F-11D3-BF4B-00C04F79EFBC}") = "Exo11", "Exo11\Exo11.csproj", "{287F4706-3979-4508-ACCC-1902B8AB7E8C}"
EndProject
Project("{FAE04EC0-301F-11D3-BF4B-00C04F79EFBC}") = "Exo12", "Exo12\Exo12.csproj", "{6DB9FFFF-927B-4A4A-9215-697B7F9E608B}"
EndProject
Project("{FAE04EC0-301F-11D3-BF4B-00C04F79EFBC}") = "Exo13", "Exo13\Exo13.csproj", "{6F9F1CBC-593D-428F-81CC-D396133D60A0}"
EndProject
Project("{FAE04EC0-301F-11D3-BF4B-00C04F79EFBC}") = "Demo11", "Demo11\Demo11.csproj", "{D9DD1EFE-DECE-4E53-9273-439D735CC4C1}"
EndProject
Project("{FAE04EC0-301F-11D3-BF4B-00C04F79EFBC}") = "Exo14", "Exo14\Exo14.csproj", "{7D3274DE-74EB-45B4-BDB5-60B4E759619A}"
EndProject
Project("{FAE04EC0-301F-11D3-BF4B-00C04F79EFBC}") = "Exo15", "Exo15\Exo15.csproj", "{E0BFB374-6DED-4F2C-BB8C-7CE5DD1CDF89}"
EndProject
Project("{FAE04EC0-301F-11D3-BF4B-00C04F79EFBC}") = "Demo12", "Demo12\Demo12.csproj", "{486D0899-5449-466C-B2C7-C551497A0B43}"
EndProject
Project("{FAE04EC0-301F-11D3-BF4B-00C04F79EFBC}") = "Exo16", "Exo16\Exo16.csproj", "{ADDFCB32-20D7-441C-81D5-58BD04F42B8D}"
EndProject
Global
	GlobalSection(SolutionConfigurationPlatforms) = preSolution
		Debug|Any CPU = Debug|Any CPU
		Release|Any CPU = Release|Any CPU
	EndGlobalSection
	GlobalSection(ProjectConfigurationPlatforms) = postSolution
		{E2FB80CF-84A8-4E8F-AD3D-0BBBA17F8796}.Debug|Any CPU.ActiveCfg = Debug|Any CPU
		{E2FB80CF-84A8-4E8F-AD3D-0BBBA17F8796}.Debug|Any CPU.Build.0 = Debug|Any CPU
		{E2FB80CF-84A8-4E8F-AD3D-0BBBA17F8796}.Release|Any CPU.ActiveCfg = Release|Any CPU
		{E2FB80CF-84A8-4E8F-AD3D-0BBBA17F8796}.Release|Any CPU.Build.0 = Release|Any CPU
		{94F6396D-AF90-4CB8-B854-BA48CB4B2B2D}.Debug|Any CPU.ActiveCfg = Debug|Any CPU
		{94F6396D-AF90-4CB8-B854-BA48CB4B2B2D}.Debug|Any CPU.Build.0 = Debug|Any CPU
		{94F6396D-AF90-4CB8-B854-BA48CB4B2B2D}.Release|Any CPU.ActiveCfg = Release|Any CPU
		{94F6396D-AF90-4CB8-B854-BA48CB4B2B2D}.Release|Any CPU.Build.0 = Release|Any CPU
		{C76B9797-FE10-4F1E-B5C7-BCD380C23D75}.Debug|Any CPU.ActiveCfg = Debug|Any CPU
		{C76B9797-FE10-4F1E-B5C7-BCD380C23D75}.Debug|Any CPU.Build.0 = Debug|Any CPU
		{C76B9797-FE10-4F1E-B5C7-BCD380C23D75}.Release|Any CPU.ActiveCfg = Release|Any CPU
		{C76B9797-FE10-4F1E-B5C7-BCD380C23D75}.Release|Any CPU.Build.0 = Release|Any CPU
		{48C5C582-FAC5-4009-AD31-BB14EA510140}.Debug|Any CPU.ActiveCfg = Debug|Any CPU
		{48C5C582-FAC5-4009-AD31-BB14EA510140}.Debug|Any CPU.Build.0 = Debug|Any CPU
		{48C5C582-FAC5-4009-AD31-BB14EA510140}.Release|Any CPU.ActiveCfg = Release|Any CPU
		{48C5C582-FAC5-4009-AD31-BB14EA510140}.Release|Any CPU.Build.0 = Release|Any CPU
		{8F2C6612-B1CF-47F1-9E07-EBE01384416A}.Debug|Any CPU.ActiveCfg = Debug|Any CPU
		{8F2C6612-B1CF-47F1-9E07-EBE01384416A}.Debug|Any CPU.Build.0 = Debug|Any CPU
		{8F2C6612-B1CF-47F1-9E07-EBE01384416A}.Release|Any CPU.ActiveCfg = Release|Any CPU
		{8F2C6612-B1CF-47F1-9E07-EBE01384416A}.Release|Any CPU.Build.0 = Release|Any CPU
		{5B9589B9-FD17-4B30-9EDC-F27FC5C57544}.Debug|Any CPU.ActiveCfg = Debug|Any CPU
		{5B9589B9-FD17-4B30-9EDC-F27FC5C57544}.Debug|Any CPU.Build.0 = Debug|Any CPU
		{5B9589B9-FD17-4B30-9EDC-F27FC5C57544}.Release|Any CPU.ActiveCfg = Release|Any CPU
		{5B9589B9-FD17-4B30-9EDC-F27FC5C57544}.Release|Any CPU.Build.0 = Release|Any CPU
		{050666FF-09DB-4478-90C8-88AE94689A59}.Debug|Any CPU.ActiveCfg = Debug|Any CPU
		{050666FF-09DB-4478-90C8-88AE94689A59}.Debug|Any CPU.Build.0 = Debug|Any CPU
		{050666FF-09DB-4478-90C8-88AE94689A59}.Release|Any CPU.ActiveCfg = Release|Any CPU
		{050666FF-09DB-4478-90C8-88AE94689A59}.Release|Any CPU.Build.0 = Release|Any CPU
		{1F0384D9-D7A8-4D69-A9A0-E19C54DDC30C}.Debug|Any CPU.ActiveCfg = Debug|Any CPU
		{1F0384D9-D7A8-4D69-A9A0-E19C54DDC30C}.Debug|Any CPU.Build.0 = Debug|Any CPU
		{1F0384D9-D7A8-4D69-A9A0-E19C54DDC30C}.Release|Any CPU.ActiveCfg = Release|Any CPU
		{1F0384D9-D7A8-4D69-A9A0-E19C54DDC30C}.Release|Any CPU.Build.0 = Release|Any CPU
		{E273CB36-23F4-4BA3-A96C-EC4674D5F464}.Debug|Any CPU.ActiveCfg = Debug|Any CPU
		{E273CB36-23F4-4BA3-A96C-EC4674D5F464}.Debug|Any CPU.Build.0 = Debug|Any CPU
		{E273CB36-23F4-4BA3-A96C-EC4674D5F464}.Release|Any CPU.ActiveCfg = Release|Any CPU
		{E273CB36-23F4-4BA3-A96C-EC4674D5F464}.Release|Any CPU.Build.0 = Release|Any CPU
		{30D38F54-B613-47F6-9758-142A15F6D237}.Debug|Any CPU.ActiveCfg = Debug|Any CPU
		{30D38F54-B613-47F6-9758-142A15F6D237}.Debug|Any CPU.Build.0 = Debug|Any CPU
		{30D38F54-B613-47F6-9758-142A15F6D237}.Release|Any CPU.ActiveCfg = Release|Any CPU
		{30D38F54-B613-47F6-9758-142A15F6D237}.Release|Any CPU.Build.0 = Release|Any CPU
		{27497912-657A-486E-9B5A-8A417C123B2C}.Debug|Any CPU.ActiveCfg = Debug|Any CPU
		{27497912-657A-486E-9B5A-8A417C123B2C}.Debug|Any CPU.Build.0 = Debug|Any CPU
		{27497912-657A-486E-9B5A-8A417C123B2C}.Release|Any CPU.ActiveCfg = Release|Any CPU
		{27497912-657A-486E-9B5A-8A417C123B2C}.Release|Any CPU.Build.0 = Release|Any CPU
		{C89F78C4-CFB9-4A79-AC3C-9E540669517B}.Debug|Any CPU.ActiveCfg = Debug|Any CPU
		{C89F78C4-CFB9-4A79-AC3C-9E540669517B}.Debug|Any CPU.Build.0 = Debug|Any CPU
		{C89F78C4-CFB9-4A79-AC3C-9E540669517B}.Release|Any CPU.ActiveCfg = Release|Any CPU
		{C89F78C4-CFB9-4A79-AC3C-9E540669517B}.Release|Any CPU.Build.0 = Release|Any CPU
		{B97DAC1B-6D07-439C-8243-55187248A52C}.Debug|Any CPU.ActiveCfg = Debug|Any CPU
		{B97DAC1B-6D07-439C-8243-55187248A52C}.Debug|Any CPU.Build.0 = Debug|Any CPU
		{B97DAC1B-6D07-439C-8243-55187248A52C}.Release|Any CPU.ActiveCfg = Release|Any CPU
		{B97DAC1B-6D07-439C-8243-55187248A52C}.Release|Any CPU.Build.0 = Release|Any CPU
		{21305E94-42EB-48E5-9C4D-3AED61EF09E2}.Debug|Any CPU.ActiveCfg = Debug|Any CPU
		{21305E94-42EB-48E5-9C4D-3AED61EF09E2}.Debug|Any CPU.Build.0 = Debug|Any CPU
		{21305E94-42EB-48E5-9C4D-3AED61EF09E2}.Release|Any CPU.ActiveCfg = Release|Any CPU
		{21305E94-42EB-48E5-9C4D-3AED61EF09E2}.Release|Any CPU.Build.0 = Release|Any CPU
		{A917E773-33FE-4F8F-BD93-D38ED2220630}.Debug|Any CPU.ActiveCfg = Debug|Any CPU
		{A917E773-33FE-4F8F-BD93-D38ED2220630}.Debug|Any CPU.Build.0 = Debug|Any CPU
		{A917E773-33FE-4F8F-BD93-D38ED2220630}.Release|Any CPU.ActiveCfg = Release|Any CPU
		{A917E773-33FE-4F8F-BD93-D38ED2220630}.Release|Any CPU.Build.0 = Release|Any CPU
		{192A1C8E-2BC0-41B8-A229-09E9C36477A3}.Debug|Any CPU.ActiveCfg = Debug|Any CPU
		{192A1C8E-2BC0-41B8-A229-09E9C36477A3}.Debug|Any CPU.Build.0 = Debug|Any CPU
		{192A1C8E-2BC0-41B8-A229-09E9C36477A3}.Release|Any CPU.ActiveCfg = Release|Any CPU
		{192A1C8E-2BC0-41B8-A229-09E9C36477A3}.Release|Any CPU.Build.0 = Release|Any CPU
		{902CE978-8052-492B-B196-31A55379FAA6}.Debug|Any CPU.ActiveCfg = Debug|Any CPU
		{902CE978-8052-492B-B196-31A55379FAA6}.Debug|Any CPU.Build.0 = Debug|Any CPU
		{902CE978-8052-492B-B196-31A55379FAA6}.Release|Any CPU.ActiveCfg = Release|Any CPU
		{902CE978-8052-492B-B196-31A55379FAA6}.Release|Any CPU.Build.0 = Release|Any CPU
		{DA0D5C02-7695-437E-89F2-723932C6A348}.Debug|Any CPU.ActiveCfg = Debug|Any CPU
		{DA0D5C02-7695-437E-89F2-723932C6A348}.Debug|Any CPU.Build.0 = Debug|Any CPU
		{DA0D5C02-7695-437E-89F2-723932C6A348}.Release|Any CPU.ActiveCfg = Release|Any CPU
		{DA0D5C02-7695-437E-89F2-723932C6A348}.Release|Any CPU.Build.0 = Release|Any CPU
		{83D7025E-6C85-4979-A5A1-675D05849135}.Debug|Any CPU.ActiveCfg = Debug|Any CPU
		{83D7025E-6C85-4979-A5A1-675D05849135}.Debug|Any CPU.Build.0 = Debug|Any CPU
		{83D7025E-6C85-4979-A5A1-675D05849135}.Release|Any CPU.ActiveCfg = Release|Any CPU
		{83D7025E-6C85-4979-A5A1-675D05849135}.Release|Any CPU.Build.0 = Release|Any CPU
		{68A67777-8A5A-45E3-8306-592DF237E55C}.Debug|Any CPU.ActiveCfg = Debug|Any CPU
		{68A67777-8A5A-45E3-8306-592DF237E55C}.Debug|Any CPU.Build.0 = Debug|Any CPU
		{68A67777-8A5A-45E3-8306-592DF237E55C}.Release|Any CPU.ActiveCfg = Release|Any CPU
		{68A67777-8A5A-45E3-8306-592DF237E55C}.Release|Any CPU.Build.0 = Release|Any CPU
		{8E91EF94-6A21-49CB-91C6-83F44E53695A}.Debug|Any CPU.ActiveCfg = Debug|Any CPU
		{8E91EF94-6A21-49CB-91C6-83F44E53695A}.Debug|Any CPU.Build.0 = Debug|Any CPU
		{8E91EF94-6A21-49CB-91C6-83F44E53695A}.Release|Any CPU.ActiveCfg = Release|Any CPU
		{8E91EF94-6A21-49CB-91C6-83F44E53695A}.Release|Any CPU.Build.0 = Release|Any CPU
		{287F4706-3979-4508-ACCC-1902B8AB7E8C}.Debug|Any CPU.ActiveCfg = Debug|Any CPU
		{287F4706-3979-4508-ACCC-1902B8AB7E8C}.Debug|Any CPU.Build.0 = Debug|Any CPU
		{287F4706-3979-4508-ACCC-1902B8AB7E8C}.Release|Any CPU.ActiveCfg = Release|Any CPU
		{287F4706-3979-4508-ACCC-1902B8AB7E8C}.Release|Any CPU.Build.0 = Release|Any CPU
		{6DB9FFFF-927B-4A4A-9215-697B7F9E608B}.Debug|Any CPU.ActiveCfg = Debug|Any CPU
		{6DB9FFFF-927B-4A4A-9215-697B7F9E608B}.Debug|Any CPU.Build.0 = Debug|Any CPU
		{6DB9FFFF-927B-4A4A-9215-697B7F9E608B}.Release|Any CPU.ActiveCfg = Release|Any CPU
		{6DB9FFFF-927B-4A4A-9215-697B7F9E608B}.Release|Any CPU.Build.0 = Release|Any CPU
		{6F9F1CBC-593D-428F-81CC-D396133D60A0}.Debug|Any CPU.ActiveCfg = Debug|Any CPU
		{6F9F1CBC-593D-428F-81CC-D396133D60A0}.Debug|Any CPU.Build.0 = Debug|Any CPU
		{6F9F1CBC-593D-428F-81CC-D396133D60A0}.Release|Any CPU.ActiveCfg = Release|Any CPU
		{6F9F1CBC-593D-428F-81CC-D396133D60A0}.Release|Any CPU.Build.0 = Release|Any CPU
		{D9DD1EFE-DECE-4E53-9273-439D735CC4C1}.Debug|Any CPU.ActiveCfg = Debug|Any CPU
		{D9DD1EFE-DECE-4E53-9273-439D735CC4C1}.Debug|Any CPU.Build.0 = Debug|Any CPU
		{D9DD1EFE-DECE-4E53-9273-439D735CC4C1}.Release|Any CPU.ActiveCfg = Release|Any CPU
		{D9DD1EFE-DECE-4E53-9273-439D735CC4C1}.Release|Any CPU.Build.0 = Release|Any CPU
		{7D3274DE-74EB-45B4-BDB5-60B4E759619A}.Debug|Any CPU.ActiveCfg = Debug|Any CPU
		{7D3274DE-74EB-45B4-BDB5-60B4E759619A}.Debug|Any CPU.Build.0 = Debug|Any CPU
		{7D3274DE-74EB-45B4-BDB5-60B4E759619A}.Release|Any CPU.ActiveCfg = Release|Any CPU
		{7D3274DE-74EB-45B4-BDB5-60B4E759619A}.Release|Any CPU.Build.0 = Release|Any CPU
		{E0BFB374-6DED-4F2C-BB8C-7CE5DD1CDF89}.Debug|Any CPU.ActiveCfg = Debug|Any CPU
		{E0BFB374-6DED-4F2C-BB8C-7CE5DD1CDF89}.Debug|Any CPU.Build.0 = Debug|Any CPU
		{E0BFB374-6DED-4F2C-BB8C-7CE5DD1CDF89}.Release|Any CPU.ActiveCfg = Release|Any CPU
		{E0BFB374-6DED-4F2C-BB8C-7CE5DD1CDF89}.Release|Any CPU.Build.0 = Release|Any CPU
		{486D0899-5449-466C-B2C7-C551497A0B43}.Debug|Any CPU.ActiveCfg = Debug|Any CPU
		{486D0899-5449-466C-B2C7-C551497A0B43}.Debug|Any CPU.Build.0 = Debug|Any CPU
		{486D0899-5449-466C-B2C7-C551497A0B43}.Release|Any CPU.ActiveCfg = Release|Any CPU
		{486D0899-5449-466C-B2C7-C551497A0B43}.Release|Any CPU.Build.0 = Release|Any CPU
		{ADDFCB32-20D7-441C-81D5-58BD04F42B8D}.Debug|Any CPU.ActiveCfg = Debug|Any CPU
		{ADDFCB32-20D7-441C-81D5-58BD04F42B8D}.Debug|Any CPU.Build.0 = Debug|Any CPU
		{ADDFCB32-20D7-441C-81D5-58BD04F42B8D}.Release|Any CPU.ActiveCfg = Release|Any CPU
		{ADDFCB32-20D7-441C-81D5-58BD04F42B8D}.Release|Any CPU.Build.0 = Release|Any CPU
	EndGlobalSection
	GlobalSection(SolutionProperties) = preSolution
		HideSolutionNode = FALSE
	EndGlobalSection
	GlobalSection(NestedProjects) = preSolution
		{E2FB80CF-84A8-4E8F-AD3D-0BBBA17F8796} = {3EA0EF27-32C3-4667-9E40-B9CAF20F46BB}
		{94F6396D-AF90-4CB8-B854-BA48CB4B2B2D} = {3EA0EF27-32C3-4667-9E40-B9CAF20F46BB}
		{C76B9797-FE10-4F1E-B5C7-BCD380C23D75} = {3EA0EF27-32C3-4667-9E40-B9CAF20F46BB}
		{48C5C582-FAC5-4009-AD31-BB14EA510140} = {3EA0EF27-32C3-4667-9E40-B9CAF20F46BB}
		{8F2C6612-B1CF-47F1-9E07-EBE01384416A} = {71414C26-68BC-4287-A44E-0DB2EE486CB3}
		{5B9589B9-FD17-4B30-9EDC-F27FC5C57544} = {3EA0EF27-32C3-4667-9E40-B9CAF20F46BB}
		{050666FF-09DB-4478-90C8-88AE94689A59} = {71414C26-68BC-4287-A44E-0DB2EE486CB3}
		{1F0384D9-D7A8-4D69-A9A0-E19C54DDC30C} = {3EA0EF27-32C3-4667-9E40-B9CAF20F46BB}
		{E273CB36-23F4-4BA3-A96C-EC4674D5F464} = {71414C26-68BC-4287-A44E-0DB2EE486CB3}
		{30D38F54-B613-47F6-9758-142A15F6D237} = {3EA0EF27-32C3-4667-9E40-B9CAF20F46BB}
		{27497912-657A-486E-9B5A-8A417C123B2C} = {71414C26-68BC-4287-A44E-0DB2EE486CB3}
		{C89F78C4-CFB9-4A79-AC3C-9E540669517B} = {71414C26-68BC-4287-A44E-0DB2EE486CB3}
		{B97DAC1B-6D07-439C-8243-55187248A52C} = {3EA0EF27-32C3-4667-9E40-B9CAF20F46BB}
		{21305E94-42EB-48E5-9C4D-3AED61EF09E2} = {71414C26-68BC-4287-A44E-0DB2EE486CB3}
		{A917E773-33FE-4F8F-BD93-D38ED2220630} = {71414C26-68BC-4287-A44E-0DB2EE486CB3}
		{192A1C8E-2BC0-41B8-A229-09E9C36477A3} = {71414C26-68BC-4287-A44E-0DB2EE486CB3}
		{902CE978-8052-492B-B196-31A55379FAA6} = {71414C26-68BC-4287-A44E-0DB2EE486CB3}
		{DA0D5C02-7695-437E-89F2-723932C6A348} = {71414C26-68BC-4287-A44E-0DB2EE486CB3}
		{83D7025E-6C85-4979-A5A1-675D05849135} = {3EA0EF27-32C3-4667-9E40-B9CAF20F46BB}
		{68A67777-8A5A-45E3-8306-592DF237E55C} = {3EA0EF27-32C3-4667-9E40-B9CAF20F46BB}
		{8E91EF94-6A21-49CB-91C6-83F44E53695A} = {3EA0EF27-32C3-4667-9E40-B9CAF20F46BB}
		{287F4706-3979-4508-ACCC-1902B8AB7E8C} = {71414C26-68BC-4287-A44E-0DB2EE486CB3}
		{6DB9FFFF-927B-4A4A-9215-697B7F9E608B} = {71414C26-68BC-4287-A44E-0DB2EE486CB3}
		{6F9F1CBC-593D-428F-81CC-D396133D60A0} = {71414C26-68BC-4287-A44E-0DB2EE486CB3}
		{D9DD1EFE-DECE-4E53-9273-439D735CC4C1} = {3EA0EF27-32C3-4667-9E40-B9CAF20F46BB}
		{7D3274DE-74EB-45B4-BDB5-60B4E759619A} = {71414C26-68BC-4287-A44E-0DB2EE486CB3}
		{E0BFB374-6DED-4F2C-BB8C-7CE5DD1CDF89} = {71414C26-68BC-4287-A44E-0DB2EE486CB3}
		{486D0899-5449-466C-B2C7-C551497A0B43} = {3EA0EF27-32C3-4667-9E40-B9CAF20F46BB}
		{ADDFCB32-20D7-441C-81D5-58BD04F42B8D} = {71414C26-68BC-4287-A44E-0DB2EE486CB3}
	EndGlobalSection
	GlobalSection(ExtensibilityGlobals) = postSolution
		SolutionGuid = {661F7A11-D3B6-490F-9665-6E7B73A1F857}
	EndGlobalSection
EndGlobal
